# oracle.lock v1 (docs/VERIFICATION.md section 3.2). Editing any line is an oracle-pin move (section 6.5).
package          CoolProp
version          8.0.0
git              ae81610e7d23efc57f9d051c8e70a4d66e87537f
wheel_tag        cp312-abi3-manylinux_2_17_x86_64
so_name          CoolProp.abi3.so
so_size          9050856
so_sha256        05d85591871524e83bb23170e22ee149e1167fb3ef5deaf81b9d248283089be5
python           3.12
platform         x86_64-linux-gnu
runner_image     ghcr.io/astral-sh/uv:0.12.23-python3.12-trixie-slim@sha256:28d570c06d150303b39adfa731ada20956c63fc86b1277d7ff2ad63185974092
uv_command       uv run --no-project --python 3.12 --with CoolProp==8.0.0
fluids_sha256    0c266df8b54a7bc98ab09413a037c7d54612988446b450e253406b7f001c1877
sampler          splitmix64-v1
env_scrubbed     COOLPROP_* PXFLASH_*
locale           LC_ALL=C
config_json      {"ALLOW_SVDSBTL_IN_PROPSSI":false,"ALTERNATIVE_REFPROP_HMX_BNC_PATH":"","ALTERNATIVE_REFPROP_LIBRARY_PATH":"","ALTERNATIVE_REFPROP_PATH":"","ALTERNATIVE_SVDTABLES_DIRECTORY":"","ALTERNATIVE_TABLES_DIRECTORY":"","ASSUME_CRITICAL_POINT_STABLE":false,"CRITICAL_SPLINES_ENABLED":true,"CRITICAL_WITHIN_1UK":true,"DONT_CHECK_PROPERTY_LIMITS":false,"ENABLE_MELTING_CALORIC_HS":true,"ENABLE_SUPERANCILLARIES":true,"FLOAT_PUNCTUATION":".","HENRYS_LAW_TO_GENERATE_VLE_GUESSES":false,"HSU_D_TWOPHASE_EOS_POLISH":true,"LIST_STRING_DELIMITER":",","MAXIMUM_TABLE_DIRECTORY_SIZE_IN_GB":1.0,"MIXTURE_STABILITY_ALGORITHM":1,"NORMALIZE_GAS_CONSTANTS":true,"OVERWRITE_BINARY_INTERACTION":false,"OVERWRITE_DEPARTURE_FUNCTION":false,"OVERWRITE_FLUIDS":false,"PHASE_ENVELOPE_STARTING_PRESSURE_PA":100.0,"REFPROP_DONT_ESTIMATE_INTERACTION_PARAMETERS":false,"REFPROP_ERROR_THRESHOLD":0,"REFPROP_IGNORE_ERROR_ESTIMATED_INTERACTION_PARAMETERS":false,"REFPROP_RESOLVE_COOLPROP_ALIASES":true,"REFPROP_USE_GERG":false,"REFPROP_USE_PENGROBINSON":false,"R_U_CODATA":8.31446261815324,"SAVE_RAW_TABLES":false,"SPINODAL_MINIMUM_DELTA":0.5,"SVDSBTL_SAMPLING_THREADS":1,"TABULAR_NX":200,"TABULAR_NY":200,"USE_GUESSES_IN_PROPSSI":false,"VTPR_ALWAYS_RELOAD_LIBRARY":false,"VTPR_UNIFAC_PATH":""}
