# This file is automatically @generated by Cargo.
# It is not intended for manual editing.
version = 4

[[package]]
name = "phasekit-core"
version = "0.0.0"
dependencies = [
 "phasekit-data",
]

[[package]]
name = "phasekit-data"
version = "0.0.0"

[[package]]
name = "phasekit-verify"
version = "0.0.0"
dependencies = [
 "phasekit-core",
]

[[package]]
name = "phasekit-xtask"
version = "0.0.0"
dependencies = [
 "phasekit-core",
]
