# data/fluids.lock (PLAN.md M2.1): the sha256 of every reference/CoolProp/dev/fluids/*.json at the pinned v8.0.0
# commit ae81610e, one "<file> <sha256>" line per file, sorted. The lines (without these comments) hash to the
# fluids_sha256 of crates/phasekit-verify/fixtures/oracle.lock. `cargo xtask datagen` checks both before it parses.
1-Butene.json eea288b6a87ec64e1a48bc1a7f37f81bfbf11312214de80c7d656ed366389811
Acetone.json 1e6a4a0522318bc41e8927f279bd624942054ad1154d50a60cbd628c29a206ea
Air.json e28260f7f9b97dc38aded37f5bbaf2107079c0ef8cacb5b8b28a26ecf02f2099
Ammonia.json 4d451fadbe6eb1c2441169c599890cf7cd6edc818918f23959e2afb20a881e14
Argon.json 3dd2932a954084990add53fe583d48ff2d5ab99f9efa57b7f997377d7ea5322a
Benzene.json 0ab41a0241e962ac0840edf16dfb9bb214696659909aacaef5cbf12fa1971bcf
CarbonDioxide.json 08e27e1a5a6029e508976496b9d1fd4f7f0caa2c46fd35c84b7bf520260a5217
CarbonMonoxide.json fef360d64882a7bee03f3ed956ae4b1e04cd86cfd77ad2886ab6449931443bc6
CarbonylSulfide.json 925dc7b95a988107bfc0ca9ad519011f2e41cbb8c53831ee781d7051473b9164
Chlorine.json 61300cbc5154ca6ca78a25504c57ce08a2f82d1c6f2a7a932afe54f50530d1f9
CycloHexane.json 906a78af8ede8f15da60d08a2fd96eeaa052f328f14ec543aec655c2c7215671
CycloPropane.json 7599d0a6e9fc382f2ee3ae8bf71c6e87ce4d80a88fd9c0d3926107b2a6dce248
Cyclopentane.json 3e0cad975bb253a4b8e0eac4d0e2c01b655a707ad6a184079083eb51a98b6e51
D4.json a56c4a25ab47cf0ce4523d666c25076e8190c03e67ca2c31bf2dd2c295533cee
D5.json a0dcf065d5e1b3863e22427236f11f91192987a2c0671d31c1076a709f6fb045
D6.json a2e7b3e1070cd132c2126f8497ab2beb846e03b9378664cbe77b4b872666fa73
Deuterium.json f393c1e4587bdd99cee525894bd060daaadadd42fe583b8c1cad2d3b7dc3aa29
Dichloroethane.json bb32a24a00b1d561bf9468ebe95a8bb582266a64fe3e92120100908d7cf405bc
DiethylEther.json 27a3859c344e470d74b1ba44e3681ec453fa818abc4e639568d0b73c802091d1
DimethylCarbonate.json 225e19376363f182d0bf08c5d0963946e7e6dc1093c3b24a59b5d97eb807b8e0
DimethylEther.json f19367865b650db848dab1c6353d4880c38f06ad79e19486bce2103662acecc9
Ethane.json ad4199d0665196aa99203515feb33db04c3ce6a3271c9536de6efb13a4f8803e
Ethanol.json 98c6617adb70067ea5b1ded7a336fadb3c9233c7ffcbadf6575ef9ec1066c650
EthylBenzene.json 847db6348dde2042501bd2e75207a92ccbc0adfbb0a290ba8f2adf5bcb8ebf45
Ethylene.json e7cb6603155fa25cbea699c7a9e2c095fbc2db26ebe6dbb640b6f1e86d469846
EthyleneOxide.json 533550610b850ee93f4d087f6fcb2bf53909c2029aa132fa03462e961e0e077e
Fluorine.json 73b2f374b6a5cf6a1f5ff6fe3569f027ec987aa55d5b81e3374a3f5474c507e9
HFE143m.json 37e63c58c6eb152a3c729676566b976ce6081cc5c6b6cc2d8c205b59b5c7b93b
HeavyWater.json fe30546ee10bb5fbc0916a4e1e9ee3db020259f9d506573186982dcd3d0084c4
Helium.json 255d17ba8376ef503954da45de60659263a1d61f8abf06523b447c07bb21d614
Hydrogen.json 515ef2140273fe8f8012e202158af11b5710c02c6af1caac2193669447b1ca25
HydrogenChloride.json 35041fff2e429a1a43d07b6c2d4effb7e21b99c51a21d6f60ed75ba7f988c4c8
HydrogenSulfide.json 0eb50cff8df5b273bbda4c649f716342479166c359f09244f7706236ef0ade66
IsoButane.json 6c504539fc2bc3b4630730d55e6896770645f42b51ba875aaf162c5cfd68bb1f
IsoButene.json cee47e2438971dcfde73f4a27bcaf5e8124929b36abdb5d26cf20f31ad5d2d0d
Isohexane.json 33e92d6e92b18ac6f82239ee0f58b6a688aaa1fafd95326e4bae5f0e63ad1db3
Isopentane.json 159027325ffb1ab9a505a12ff39e8bd39b6d847adb9ebb6d3e90061f19a21fae
Krypton.json 8be8205544ef836d9292bb5965d584869a63866b4e8502df305df227cee81dd1
MD2M.json 3024c709957bd8f38523e81d9194c65b1d56ad3424c9b3a057d9dddb25b42a11
MD3M.json 597aaf1ac81432b843ac4bfa5689e9bbeb0ae88c312868bbf3770ae0024f79cf
MD4M.json a3b805e3cc0b4cd932abf0f4d7f334ef669f2ea462cbf02708d8aeba992c36f8
MDM.json 20f11882c9141f317cfddd5228d3f01e3d11964d141e09d77b5772f1f0256a64
MM.json 722c46cb3a3533907009ce3983742203f2d54b5a926d9ef7c3f7bd14cec1118a
Methane.json 534b6a8906be63dd491972ddb29f2856c565c2c209320044858e67b90cb7a171
Methanol.json 470be678311a60a9e3ad7d03711dd1b78150b4603f6c4f708b2ac2df2acbcbcd
MethylLinoleate.json eeb52b608acebbda7bdeac73721d16fa9ca0a62b703444c99cb89a75c3335e02
MethylLinolenate.json 46890790242d5b9953cf39175d3200296d97c7c3764cfe441eeba94ebe65600c
MethylOleate.json 601fab683139cd77dfeaf80626341749ad021385e7f504d8a1a6428494b7a330
MethylPalmitate.json 1bfc58e661cc385f51822982a9c17aa9fd8ebfc6bf0ee2ddbb340a91fd9ae9e5
MethylStearate.json aa27e3939ccdd15d93ac6be1327e03d8af3120dabf7b88919a59d492d077d0c3
Neon.json 86de7aa5eb6e4d516b873d1642ae5bae2dcfd3a98d04549787323e0d8c14982d
Neopentane.json 18e57fb7442636fbb9a1d5ce5860f3ea55e4578bfd0f960c6f06f8346caa7327
Nitrogen.json 791432d1685eafcc75b43e776e8fe4e30f7cf73a2a73b67de0c1a94c57a2b9aa
NitrousOxide.json 0107bd04421130c69ce694ff8dcbce14ba1705b9fe5ca68412c2c48c544e8acb
Novec649.json ba8bb6919a5081417e262d1a9190106f25484764cf01e8ed8c7c0e9ccb7d866a
OrthoDeuterium.json 549608296d51638579b9cdd57fd27bd055ba6377f0ec80a368eb7f657e8b8206
OrthoHydrogen.json 185400d93f03f4061f48468900286925705b7b823d29e889aab7da59b8004809
Oxygen.json 2296d3164338a9fadeb2e7a04c98fb5c403a07851c3b59bb7634887043c44fc3
ParaDeuterium.json a55351455bc870e918a9172bfb7c43e83a4ca33d962d8131bf4cfdf2d8f7e009
ParaHydrogen.json b9927e1d5d57c27e69ec5997dcad3f0247c75eca85b7022d9854184c32401616
Propylene.json d2005a1cf7468cd2c5b8dd2c4d0eadfe75a4ec8030d416862af40817f73f62b2
PropyleneGlycol.json 14129716d47b79713e9a24eb9f94168f9f3785e41f6457c472eea58815d74625
Propyne.json 72834e3956444243ad54c8bcd8212ffe7e4c4694fc84519fafda0b8ceb92d6ee
R11.json 8ec48cd38ed37b513f2bfa9844979dd781ace746ef5db5ef01ebdb07c824e43b
R1123.json 9d5e997438a976a476c266458265aaf0e40f7562a529ab36ba8ef9ec619a4a20
R113.json 4f1b8638e8d3e3c1038d93301a2d512101eec44417e438352e7ef52b6f538505
R1130(E).json c5184710b5fee76bbe3f6faa129972db813e1d69ad6eea8510166300f399821c
R1132(E).json aacde860246b1c6413184cc8064b69f98722d20cdfe62991c5bf35196ca145c6
R114.json b7c499be6a0a6d5810416cbf6a6e42409920b1ec9ec15a267f9a781fe6a99210
R115.json 1948b8e6edcce40db368872206ea1243474d2e8eef5576eaccddfcdb6762e3d4
R116.json 5b12efd26d7203fe3948e55a307fa24601588ff669dd79c88cbb929d0d47188a
R12.json 954e92cbfb1a3430b50271e14cf7ed3f7d9ab23c8d883931707001839588f6da
R1224yd(Z).json 56109aad8d5a45281616adc0201718de9aa03e164c46dfe8c1728bc502ceb1d3
R123.json c34b3055e81f14d267f16c4a5a517ca60d772e34595c0996940d867eb42cff27
R1233zd(E).json 1aef3096c6114cdeb654c8bfa0b10d4eb8c7ec09c65ce130b1e1ceb4c5fbf01b
R1234yf.json 586174f41b6dfe95c3060e28a31ab91462b7e38c4f2f2f4b9c2bb40a68e67114
R1234ze(E).json 9f68a59914a7abb9b9e6b4c2d2681deb9758fa3638b5598a98786d502a284fde
R1234ze(Z).json e46730903043b2d0d6d77ed3c9dcc0f36251d212da8c0da0ab2dd6da59360b40
R124.json 32250d99a7c774f4cb4ac1633ddc34a6588cebfae3593cb7073229d560bbeb85
R1243zf.json aa2d49700883941231a372a7d7a7fc3c8f6d9b167bf3acd9394acc301390f589
R125.json 3cad08b5144fc0d319eb8922f866ee1ebfbb209e13273c726d7c6b7be2f9dce7
R13.json ad9acecc4dabc2531523fb0cf29ad94925d67e0b8216abff3b2759e420194a09
R1336mzz(E).json e8c442e3c1c0422069bc05656915cc4aff4c1a6149cc7b3dda7d3e5f4b7dc7c2
R1336mzz(Z).json 1f293dbb0e264ed90d0762d049826ccf25feea6e9fc996de52bb4a58dbc76a8f
R134a.json e82f082b650ff5a6688bcbbc1dea42928053040ba8a35908fa2da4a6a1d3286e
R13I1.json d24386f8b8c905e3f4bc2d42554b9bb4942ae90192c4d1bd57236fe88e649ccc
R14.json 7c62a773b7bee1bb2a9e0cb6d21b985acb184d159cb78b14ea2b5b9effde4141
R141b.json 5830e85837fb2b282069ed10affe13fb17cdb43998c98c2f34e93b6b8ffdbbaa
R142b.json 5e45c8916f837efadf97b4a200d7129243f252ffec3218898b70e77f2e0cae4a
R143a.json ee2e200c6f328bedf07a5d8b100b6b34f1b529c600c2b93c88f63fa2044365e8
R152A.json 33df71510e3b4db3996ebbc7ffd202638d4a2efc23b310363028533ab2afd997
R161.json dadf0f0f1401943f4ba62057956eda742927fc8e29dec2ea1e9ba4dfebf14280
R21.json 6cb89e76c569a620754e46b6e647640de4250626228b9fc291b0d20b2e3a7253
R218.json 361d296ef3ecab124da55980413eaaf26bc18f8b39b98028fc4ff0f304c2d093
R22.json 29461a731d5c660f29184084857047b05645694e011e3b23119dd2332e717cb1
R227EA.json 7a8b6943c1a5a08c6594912ec5d875323eaf1ef8a9939b104590ef6a04ac1b42
R23.json 81e2080c748f867712a6613c7845ebea5b65e1bf383378505570af3c34dc5f79
R236EA.json 882d49f8b5b59111196a0d5f41f55fef89c4df9fef408c321f0753dfb83215af
R236FA.json c7873a7f312f6939cc3add8e752fb2ae9bd5fcfbe587859db8b9dc2baf9dd3a6
R245ca.json 6ef2b56b83ced5994ad5aac79852e409d2c6302c7be0a4c93b71fe57de2153bd
R245fa.json ca170629d0ff0f6e1aa6a85a7dde44ec57f8767cd475c5b015f945c4e39cc711
R32.json 953f604b2862d648a9d3a4ebf2ae90c2e0b773ec53bbd85a4d1b260421f9c100
R365MFC.json ed2acad17655473a55e45466814517e578082248fa1c0ef0e9591fbdef447bb1
R40.json 7db5bb4c1367e7ab90f1692a667e29bca1ea2cdd212e359701fd308b1c5d799e
R404A.json 03377e425ac5595f9b194f9c66cf0db6be62683ce360e58528f0c8be9161ed91
R407C.json 32af0c389308cd7a0be8a120120b4f7278caee22c95460fe368a0c98f8513db7
R41.json ea843e155abcc670232e381dce391a7253be90825537a2b57fbf4ea1ecab3a37
R410A.json 7aceb02cf11967b6a8afa4361e502b7b87f7b5f748e7464898623ceb4afd48ee
R507A.json 81e41cd5a4cdefa370457a4b08070b1c6267453b62e773e87ad6860f61d4e24b
RC318.json 8983a87fca1e62804545d5b78ec6d2d416dbc32568889176495196c1276fa90e
SES36.json c05959001ab17cc4185ffa6553c4d57c52da0cac36026216af1c2525620d3cc6
SulfurDioxide.json 4658ece1b9cf31edf2c7f24d9f7ada6828df21e2d93448a86dab09be97521e67
SulfurHexafluoride.json 1a4732012824dd76b8f00c636721d0d61b4cdc1e86116b831584cf252a190964
Tetrahydrofuran.json cfa502c6e06ec6117672c47c5b4f34af0645a578c5006f31935a6dac8a485761
Toluene.json f4de90661a49dabd0883c8f0c92631437bce849639814b3e353fd901bd31ac0a
VinylChloride.json f2215911137c039983176a2d12a271c9bcdd7b10ff0c9ca0695565c6b1ffd6f4
Water.json 85021d3803d2b02edb1d3e90bd60f4eee4a70380e06ed6b7b44e57716b4c2266
Xenon.json 4d519591164f70a252e030a0badfb550b36b82e574c01c4822f97a20359e3df6
cis-2-Butene.json ccd08bd6b92b6bf5cf38637d3d4e386a4ead274c5988609f04cdc7b57cdcd46a
m-Xylene.json 1533ffab3c8bbc4065366afc6a337b79e5550f683eb6fb9f33a1bd169cb28058
n-Butane.json 0f2e3357b545dea1eb5f53281ccf418566ffa9a4af5a4d8142539ea47f8538c6
n-Decane.json 9548229518fbc252fdecd5396bca5413666c3657a580e5ed1abc4c56d05017c0
n-Dodecane.json abf6ce7d6ef8a2a492e1ee3f4434d4bf7ebe2087e205602b5a351e2786b4ed1c
n-Heptane.json d29242048cac902d45b32e111a35e257bec0b3ff95104e076a59809108c6f43b
n-Hexane.json 51fc409b046c864335668ff94932fd30850635c71aa83f2ad6779ba7e6bd4c30
n-Nonane.json a865835cfff41fc831490ae03645b3978eca30fd4c2876683467066ccf01a7cb
n-Octane.json 1611c63ddb23bc06e1a12e4f6117608cf8546d56b9b536790bfd2774084f0f31
n-Pentane.json 6e8632aa2c3c2ac2a91a9352788643928d42481162402871e854b2d4e1352917
n-Perfluorobutane.json 1e97f8ef31a6ad38c4b84ebab599dddb5b6321fd4e261db1c833b7d43a32ee0b
n-Perfluorohexane.json 9c45bc218dec724fd3c15ba03f19f8da5db7d914f9908290bb6ef4a97d735e22
n-Perfluoropentane.json 4766f60d31ef40cb245426c8d34ecb816caf7682ca6d3e5c6862f7a32eb0435e
n-Propane.json 9a21895b593b610ac075b35c0b49b02dabdbb6cc3fda55052aafdc27f19164b1
n-Undecane.json a1664bfc71bee13009a4399dcb6cac25ee6585a642a9af937fe294e20b767d00
o-Xylene.json cdf7a85b5d6731be450e0594ed76d42733048df936081850e665c36acd85fc03
p-Xylene.json b7a75e587541ae321ba9ff23632f5a74cdecb30b82608be4b4b8bb8de39c0dd8
trans-2-Butene.json bcf2fb2bdb5980ba9503565974664d5542db86b4413ed8323fb98234c86fb9b8
